// !$*UTF8*$!
{
	archiveVersion = 1;
	classes = {
	};
	objectVersion = 46;
	objects = {

/* Begin PBXBuildFile section */
		161596A81BBECA6500C07C98 /* ShowViewController.swift in Sources */ = {isa = PBXBuildFile; fileRef = 161596A71BBECA6500C07C98 /* ShowViewController.swift */; };
		161FCBA61BB8757F001B7F45 /* AppDelegate.swift in Sources */ = {isa = PBXBuildFile; fileRef = 161FCBA51BB8757F001B7F45 /* AppDelegate.swift */; };
		161FCBA81BB8757F001B7F45 /* HomeViewController.swift in Sources */ = {isa = PBXBuildFile; fileRef = 161FCBA71BB8757F001B7F45 /* HomeViewController.swift */; };
		161FCBAB1BB8757F001B7F45 /* Main.storyboard in Resources */ = {isa = PBXBuildFile; fileRef = 161FCBA91BB8757F001B7F45 /* Main.storyboard */; };
		161FCBAD1BB8757F001B7F45 /* Assets.xcassets in Resources */ = {isa = PBXBuildFile; fileRef = 161FCBAC1BB8757F001B7F45 /* Assets.xcassets */; };
		161FCBB01BB8757F001B7F45 /* LaunchScreen.storyboard in Resources */ = {isa = PBXBuildFile; fileRef = 161FCBAE1BB8757F001B7F45 /* LaunchScreen.storyboard */; };
		161FCBBB1BB8757F001B7F45 /* BeaconFinderiPhoneTests.swift in Sources */ = {isa = PBXBuildFile; fileRef = 161FCBBA1BB8757F001B7F45 /* BeaconFinderiPhoneTests.swift */; };
		161FCBC61BB8757F001B7F45 /* BeaconFinderiPhoneUITests.swift in Sources */ = {isa = PBXBuildFile; fileRef = 161FCBC51BB8757F001B7F45 /* BeaconFinderiPhoneUITests.swift */; };
		161FCBD61BB8762E001B7F45 /* Properties.swift in Sources */ = {isa = PBXBuildFile; fileRef = 161FCBD51BB8762E001B7F45 /* Properties.swift */; };
		162186CE1BB8951800FBC687 /* File.swift in Sources */ = {isa = PBXBuildFile; fileRef = 162186CD1BB8951800FBC687 /* File.swift */; };
		162186D01BB8953600FBC687 /* SettingViewController.swift in Sources */ = {isa = PBXBuildFile; fileRef = 162186CF1BB8953600FBC687 /* SettingViewController.swift */; };
		162186D21BB8977300FBC687 /* beacon.swift in Sources */ = {isa = PBXBuildFile; fileRef = 162186D11BB8977300FBC687 /* beacon.swift */; };
		16B9C58C1BB8A8F80099198C /* BeaconTableViewContoller.swift in Sources */ = {isa = PBXBuildFile; fileRef = 16B9C58B1BB8A8F80099198C /* BeaconTableViewContoller.swift */; };
		87A7DD8CA4F2E71B817FF75D /* libPods.a in Frameworks */ = {isa = PBXBuildFile; fileRef = D00EF54DA7BBC7D54A91D904 /* libPods.a */; };
/* End PBXBuildFile section */

/* Begin PBXContainerItemProxy section */
		161FCBB71BB8757F001B7F45 /* PBXContainerItemProxy */ = {
			isa = PBXContainerItemProxy;
			containerPortal = 161FCB9A1BB8757F001B7F45 /* Project object */;
			proxyType = 1;
			remoteGlobalIDString = 161FCBA11BB8757F001B7F45;
			remoteInfo = BeaconFinderiPhone;
		};
		161FCBC21BB8757F001B7F45 /* PBXContainerItemProxy */ = {
			isa = PBXContainerItemProxy;
			containerPortal = 161FCB9A1BB8757F001B7F45 /* Project object */;
			proxyType = 1;
			remoteGlobalIDString = 161FCBA11BB8757F001B7F45;
			remoteInfo = BeaconFinderiPhone;
		};
/* End PBXContainerItemProxy section */

/* Begin PBXFileReference section */
		161596A71BBECA6500C07C98 /* ShowViewController.swift */ = {isa = PBXFileReference; fileEncoding = 4; lastKnownFileType = sourcecode.swift; path = ShowViewController.swift; sourceTree = "<group>"; };
		161FCBA21BB8757F001B7F45 /* BeaconFinderiPhone.app */ = {isa = PBXFileReference; explicitFileType = wrapper.application; includeInIndex = 0; path = BeaconFinderiPhone.app; sourceTree = BUILT_PRODUCTS_DIR; };
		161FCBA51BB8757F001B7F45 /* AppDelegate.swift */ = {isa = PBXFileReference; lastKnownFileType = sourcecode.swift; path = AppDelegate.swift; sourceTree = "<group>"; };
		161FCBA71BB8757F001B7F45 /* HomeViewController.swift */ = {isa = PBXFileReference; lastKnownFileType = sourcecode.swift; path = HomeViewController.swift; sourceTree = "<group>"; };
		161FCBAA1BB8757F001B7F45 /* Base */ = {isa = PBXFileReference; lastKnownFileType = file.storyboard; name = Base; path = Base.lproj/Main.storyboard; sourceTree = "<group>"; };
		161FCBAC1BB8757F001B7F45 /* Assets.xcassets */ = {isa = PBXFileReference; lastKnownFileType = folder.assetcatalog; path = Assets.xcassets; sourceTree = "<group>"; };
		161FCBAF1BB8757F001B7F45 /* Base */ = {isa = PBXFileReference; lastKnownFileType = file.storyboard; name = Base; path = Base.lproj/LaunchScreen.storyboard; sourceTree = "<group>"; };
		161FCBB11BB8757F001B7F45 /* Info.plist */ = {isa = PBXFileReference; lastKnownFileType = text.plist.xml; path = Info.plist; sourceTree = "<group>"; };
		161FCBB61BB8757F001B7F45 /* BeaconFinderiPhoneTests.xctest */ = {isa = PBXFileReference; explicitFileType = wrapper.cfbundle; includeInIndex = 0; path = BeaconFinderiPhoneTests.xctest; sourceTree = BUILT_PRODUCTS_DIR; };
		161FCBBA1BB8757F001B7F45 /* BeaconFinderiPhoneTests.swift */ = {isa = PBXFileReference; lastKnownFileType = sourcecode.swift; path = BeaconFinderiPhoneTests.swift; sourceTree = "<group>"; };
		161FCBBC1BB8757F001B7F45 /* Info.plist */ = {isa = PBXFileReference; lastKnownFileType = text.plist.xml; path = Info.plist; sourceTree = "<group>"; };
		161FCBC11BB8757F001B7F45 /* BeaconFinderiPhoneUITests.xctest */ = {isa = PBXFileReference; explicitFileType = wrapper.cfbundle; includeInIndex = 0; path = BeaconFinderiPhoneUITests.xctest; sourceTree = BUILT_PRODUCTS_DIR; };
		161FCBC51BB8757F001B7F45 /* BeaconFinderiPhoneUITests.swift */ = {isa = PBXFileReference; lastKnownFileType = sourcecode.swift; path = BeaconFinderiPhoneUITests.swift; sourceTree = "<group>"; };
		161FCBC71BB8757F001B7F45 /* Info.plist */ = {isa = PBXFileReference; lastKnownFileType = text.plist.xml; path = Info.plist; sourceTree = "<group>"; };
		161FCBD51BB8762E001B7F45 /* Properties.swift */ = {isa = PBXFileReference; fileEncoding = 4; lastKnownFileType = sourcecode.swift; path = Properties.swift; sourceTree = "<group>"; };
		162186CD1BB8951800FBC687 /* File.swift */ = {isa = PBXFileReference; fileEncoding = 4; lastKnownFileType = sourcecode.swift; path = File.swift; sourceTree = "<group>"; };
		162186CF1BB8953600FBC687 /* SettingViewController.swift */ = {isa = PBXFileReference; fileEncoding = 4; lastKnownFileType = sourcecode.swift; path = SettingViewController.swift; sourceTree = "<group>"; };
		162186D11BB8977300FBC687 /* beacon.swift */ = {isa = PBXFileReference; fileEncoding = 4; lastKnownFileType = sourcecode.swift; path = beacon.swift; sourceTree = "<group>"; };
		16B9C58B1BB8A8F80099198C /* BeaconTableViewContoller.swift */ = {isa = PBXFileReference; fileEncoding = 4; lastKnownFileType = sourcecode.swift; path = BeaconTableViewContoller.swift; sourceTree = "<group>"; };
		2C3765682ABD29EBA09A00A0 /* Pods.debug.xcconfig */ = {isa = PBXFileReference; includeInIndex = 1; lastKnownFileType = text.xcconfig; name = Pods.debug.xcconfig; path = "Pods/Target Support Files/Pods/Pods.debug.xcconfig"; sourceTree = "<group>"; };
		731931697C83E690510DFA75 /* Pods.release.xcconfig */ = {isa = PBXFileReference; includeInIndex = 1; lastKnownFileType = text.xcconfig; name = Pods.release.xcconfig; path = "Pods/Target Support Files/Pods/Pods.release.xcconfig"; sourceTree = "<group>"; };
		B2BA8E001C23D0D10013DFD5 /* Header.h */ = {isa = PBXFileReference; lastKnownFileType = sourcecode.c.h; name = Header.h; path = BeaconFinderiPhone/Header.h; sourceTree = "<group>"; };
		D00EF54DA7BBC7D54A91D904 /* libPods.a */ = {isa = PBXFileReference; explicitFileType = archive.ar; includeInIndex = 0; path = libPods.a; sourceTree = BUILT_PRODUCTS_DIR; };
/* End PBXFileReference section */

/* Begin PBXFrameworksBuildPhase section */
		161FCB9F1BB8757F001B7F45 /* Frameworks */ = {
			isa = PBXFrameworksBuildPhase;
			buildActionMask = 2147483647;
			files = (
				87A7DD8CA4F2E71B817FF75D /* libPods.a in Frameworks */,
			);
			runOnlyForDeploymentPostprocessing = 0;
		};
		161FCBB31BB8757F001B7F45 /* Frameworks */ = {
			isa = PBXFrameworksBuildPhase;
			buildActionMask = 2147483647;
			files = (
			);
			runOnlyForDeploymentPostprocessing = 0;
		};
		161FCBBE1BB8757F001B7F45 /* Frameworks */ = {
			isa = PBXFrameworksBuildPhase;
			buildActionMask = 2147483647;
			files = (
			);
			runOnlyForDeploymentPostprocessing = 0;
		};
/* End PBXFrameworksBuildPhase section */

/* Begin PBXGroup section */
		161FCB991BB8757F001B7F45 = {
			isa = PBXGroup;
			children = (
				B2BA8E001C23D0D10013DFD5 /* Header.h */,
				161FCBA41BB8757F001B7F45 /* BeaconFinderiPhone */,
				161FCBB91BB8757F001B7F45 /* BeaconFinderiPhoneTests */,
				161FCBC41BB8757F001B7F45 /* BeaconFinderiPhoneUITests */,
				161FCBA31BB8757F001B7F45 /* Products */,
				56E3E0C7CF4520F91257CB7D /* Pods */,
				38729590BD071A0CF5009C26 /* Frameworks */,
			);
			sourceTree = "<group>";
		};
		161FCBA31BB8757F001B7F45 /* Products */ = {
			isa = PBXGroup;
			children = (
				161FCBA21BB8757F001B7F45 /* BeaconFinderiPhone.app */,
				161FCBB61BB8757F001B7F45 /* BeaconFinderiPhoneTests.xctest */,
				161FCBC11BB8757F001B7F45 /* BeaconFinderiPhoneUITests.xctest */,
			);
			name = Products;
			sourceTree = "<group>";
		};
		161FCBA41BB8757F001B7F45 /* BeaconFinderiPhone */ = {
			isa = PBXGroup;
			children = (
				162186CD1BB8951800FBC687 /* File.swift */,
				161FCBA51BB8757F001B7F45 /* AppDelegate.swift */,
				161FCBA71BB8757F001B7F45 /* HomeViewController.swift */,
				162186D11BB8977300FBC687 /* beacon.swift */,
				162186CF1BB8953600FBC687 /* SettingViewController.swift */,
				161FCBD51BB8762E001B7F45 /* Properties.swift */,
				161FCBA91BB8757F001B7F45 /* Main.storyboard */,
				161596A71BBECA6500C07C98 /* ShowViewController.swift */,
				16B9C58B1BB8A8F80099198C /* BeaconTableViewContoller.swift */,
				161FCBAC1BB8757F001B7F45 /* Assets.xcassets */,
				161FCBAE1BB8757F001B7F45 /* LaunchScreen.storyboard */,
				161FCBB11BB8757F001B7F45 /* Info.plist */,
			);
			path = BeaconFinderiPhone;
			sourceTree = "<group>";
		};
		161FCBB91BB8757F001B7F45 /* BeaconFinderiPhoneTests */ = {
			isa = PBXGroup;
			children = (
				161FCBBA1BB8757F001B7F45 /* BeaconFinderiPhoneTests.swift */,
				161FCBBC1BB8757F001B7F45 /* Info.plist */,
			);
			path = BeaconFinderiPhoneTests;
			sourceTree = "<group>";
		};
		161FCBC41BB8757F001B7F45 /* BeaconFinderiPhoneUITests */ = {
			isa = PBXGroup;
			children = (
				161FCBC51BB8757F001B7F45 /* BeaconFinderiPhoneUITests.swift */,
				161FCBC71BB8757F001B7F45 /* Info.plist */,
			);
			path = BeaconFinderiPhoneUITests;
			sourceTree = "<group>";
		};
		38729590BD071A0CF5009C26 /* Frameworks */ = {
			isa = PBXGroup;
			children = (
				D00EF54DA7BBC7D54A91D904 /* libPods.a */,
			);
			name = Frameworks;
			sourceTree = "<group>";
		};
		56E3E0C7CF4520F91257CB7D /* Pods */ = {
			isa = PBXGroup;
			children = (
				2C3765682ABD29EBA09A00A0 /* Pods.debug.xcconfig */,
				731931697C83E690510DFA75 /* Pods.release.xcconfig */,
			);
			name = Pods;
			sourceTree = "<group>";
		};
/* End PBXGroup section */

/* Begin PBXNativeTarget section */
		161FCBA11BB8757F001B7F45 /* BeaconFinderiPhone */ = {
			isa = PBXNativeTarget;
			buildConfigurationList = 161FCBCA1BB8757F001B7F45 /* Build configuration list for PBXNativeTarget "BeaconFinderiPhone" */;
			buildPhases = (
				F7FD5BAE99DC93E2A9585612 /* Check Pods Manifest.lock */,
				161FCB9E1BB8757F001B7F45 /* Sources */,
				161FCB9F1BB8757F001B7F45 /* Frameworks */,
				161FCBA01BB8757F001B7F45 /* Resources */,
				F478EF152DBE3261AF174CD1 /* Embed Pods Frameworks */,
				308583B3E40EEC9069AE3D3E /* Copy Pods Resources */,
			);
			buildRules = (
			);
			dependencies = (
			);
			name = BeaconFinderiPhone;
			productName = BeaconFinderiPhone;
			productReference = 161FCBA21BB8757F001B7F45 /* BeaconFinderiPhone.app */;
			productType = "com.apple.product-type.application";
		};
		161FCBB51BB8757F001B7F45 /* BeaconFinderiPhoneTests */ = {
			isa = PBXNativeTarget;
			buildConfigurationList = 161FCBCD1BB8757F001B7F45 /* Build configuration list for PBXNativeTarget "BeaconFinderiPhoneTests" */;
			buildPhases = (
				161FCBB21BB8757F001B7F45 /* Sources */,
				161FCBB31BB8757F001B7F45 /* Frameworks */,
				161FCBB41BB8757F001B7F45 /* Resources */,
			);
			buildRules = (
			);
			dependencies = (
				161FCBB81BB8757F001B7F45 /* PBXTargetDependency */,
			);
			name = BeaconFinderiPhoneTests;
			productName = BeaconFinderiPhoneTests;
			productReference = 161FCBB61BB8757F001B7F45 /* BeaconFinderiPhoneTests.xctest */;
			productType = "com.apple.product-type.bundle.unit-test";
		};
		161FCBC01BB8757F001B7F45 /* BeaconFinderiPhoneUITests */ = {
			isa = PBXNativeTarget;
			buildConfigurationList = 161FCBD01BB8757F001B7F45 /* Build configuration list for PBXNativeTarget "BeaconFinderiPhoneUITests" */;
			buildPhases = (
				161FCBBD1BB8757F001B7F45 /* Sources */,
				161FCBBE1BB8757F001B7F45 /* Frameworks */,
				161FCBBF1BB8757F001B7F45 /* Resources */,
			);
			buildRules = (
			);
			dependencies = (
				161FCBC31BB8757F001B7F45 /* PBXTargetDependency */,
			);
			name = BeaconFinderiPhoneUITests;
			productName = BeaconFinderiPhoneUITests;
			productReference = 161FCBC11BB8757F001B7F45 /* BeaconFinderiPhoneUITests.xctest */;
			productType = "com.apple.product-type.bundle.ui-testing";
		};
/* End PBXNativeTarget section */

/* Begin PBXProject section */
		161FCB9A1BB8757F001B7F45 /* Project object */ = {
			isa = PBXProject;
			attributes = {
				LastSwiftUpdateCheck = 0700;
				LastUpgradeCheck = 0700;
				ORGANIZATIONNAME = "Alex Flohr";
				TargetAttributes = {
					161FCBA11BB8757F001B7F45 = {
						CreatedOnToolsVersion = 7.0;
						DevelopmentTeam = NNV3S68243;
						SystemCapabilities = {
							com.apple.BackgroundModes = {
								enabled = 1;
							};
						};
					};
					161FCBB51BB8757F001B7F45 = {
						CreatedOnToolsVersion = 7.0;
						DevelopmentTeam = NNV3S68243;
						TestTargetID = 161FCBA11BB8757F001B7F45;
					};
					161FCBC01BB8757F001B7F45 = {
						CreatedOnToolsVersion = 7.0;
						DevelopmentTeam = NNV3S68243;
						TestTargetID = 161FCBA11BB8757F001B7F45;
					};
				};
			};
			buildConfigurationList = 161FCB9D1BB8757F001B7F45 /* Build configuration list for PBXProject "BeaconFinderiPhone" */;
			compatibilityVersion = "Xcode 3.2";
			developmentRegion = English;
			hasScannedForEncodings = 0;
			knownRegions = (
				en,
				Base,
			);
			mainGroup = 161FCB991BB8757F001B7F45;
			productRefGroup = 161FCBA31BB8757F001B7F45 /* Products */;
			projectDirPath = "";
			projectRoot = "";
			targets = (
				161FCBA11BB8757F001B7F45 /* BeaconFinderiPhone */,
				161FCBB51BB8757F001B7F45 /* BeaconFinderiPhoneTests */,
				161FCBC01BB8757F001B7F45 /* BeaconFinderiPhoneUITests */,
			);
		};
/* End PBXProject section */

/* Begin PBXResourcesBuildPhase section */
		161FCBA01BB8757F001B7F45 /* Resources */ = {
			isa = PBXResourcesBuildPhase;
			buildActionMask = 2147483647;
			files = (
				161FCBB01BB8757F001B7F45 /* LaunchScreen.storyboard in Resources */,
				161FCBAD1BB8757F001B7F45 /* Assets.xcassets in Resources */,
				161FCBAB1BB8757F001B7F45 /* Main.storyboard in Resources */,
			);
			runOnlyForDeploymentPostprocessing = 0;
		};
		161FCBB41BB8757F001B7F45 /* Resources */ = {
			isa = PBXResourcesBuildPhase;
			buildActionMask = 2147483647;
			files = (
			);
			runOnlyForDeploymentPostprocessing = 0;
		};
		161FCBBF1BB8757F001B7F45 /* Resources */ = {
			isa = PBXResourcesBuildPhase;
			buildActionMask = 2147483647;
			files = (
			);
			runOnlyForDeploymentPostprocessing = 0;
		};
/* End PBXResourcesBuildPhase section */

/* Begin PBXShellScriptBuildPhase section */
		308583B3E40EEC9069AE3D3E /* Copy Pods Resources */ = {
			isa = PBXShellScriptBuildPhase;
			buildActionMask = 2147483647;
			files = (
			);
			inputPaths = (
			);
			name = "Copy Pods Resources";
			outputPaths = (
			);
			runOnlyForDeploymentPostprocessing = 0;
			shellPath = /bin/sh;
			shellScript = "\"${SRCROOT}/Pods/Target Support Files/Pods/Pods-resources.sh\"\n";
			showEnvVarsInLog = 0;
		};
		F478EF152DBE3261AF174CD1 /* Embed Pods Frameworks */ = {
			isa = PBXShellScriptBuildPhase;
			buildActionMask = 2147483647;
			files = (
			);
			inputPaths = (
			);
			name = "Embed Pods Frameworks";
			outputPaths = (
			);
			runOnlyForDeploymentPostprocessing = 0;
			shellPath = /bin/sh;
			shellScript = "\"${SRCROOT}/Pods/Target Support Files/Pods/Pods-frameworks.sh\"\n";
			showEnvVarsInLog = 0;
		};
		F7FD5BAE99DC93E2A9585612 /* Check Pods Manifest.lock */ = {
			isa = PBXShellScriptBuildPhase;
			buildActionMask = 2147483647;
			files = (
			);
			inputPaths = (
			);
			name = "Check Pods Manifest.lock";
			outputPaths = (
			);
			runOnlyForDeploymentPostprocessing = 0;
			shellPath = /bin/sh;
			shellScript = "diff \"${PODS_ROOT}/../Podfile.lock\" \"${PODS_ROOT}/Manifest.lock\" > /dev/null\nif [[ $? != 0 ]] ; then\n    cat << EOM\nerror: The sandbox is not in sync with the Podfile.lock. Run 'pod install' or update your CocoaPods installation.\nEOM\n    exit 1\nfi\n";
			showEnvVarsInLog = 0;
		};
/* End PBXShellScriptBuildPhase section */

/* Begin PBXSourcesBuildPhase section */
		161FCB9E1BB8757F001B7F45 /* Sources */ = {
			isa = PBXSourcesBuildPhase;
			buildActionMask = 2147483647;
			files = (
				16B9C58C1BB8A8F80099198C /* BeaconTableViewContoller.swift in Sources */,
				161FCBD61BB8762E001B7F45 /* Properties.swift in Sources */,
				162186CE1BB8951800FBC687 /* File.swift in Sources */,
				161596A81BBECA6500C07C98 /* ShowViewController.swift in Sources */,
				161FCBA81BB8757F001B7F45 /* HomeViewController.swift in Sources */,
				162186D21BB8977300FBC687 /* beacon.swift in Sources */,
				161FCBA61BB8757F001B7F45 /* AppDelegate.swift in Sources */,
				162186D01BB8953600FBC687 /* SettingViewController.swift in Sources */,
			);
			runOnlyForDeploymentPostprocessing = 0;
		};
		161FCBB21BB8757F001B7F45 /* Sources */ = {
			isa = PBXSourcesBuildPhase;
			buildActionMask = 2147483647;
			files = (
				161FCBBB1BB8757F001B7F45 /* BeaconFinderiPhoneTests.swift in Sources */,
			);
			runOnlyForDeploymentPostprocessing = 0;
		};
		161FCBBD1BB8757F001B7F45 /* Sources */ = {
			isa = PBXSourcesBuildPhase;
			buildActionMask = 2147483647;
			files = (
				161FCBC61BB8757F001B7F45 /* BeaconFinderiPhoneUITests.swift in Sources */,
			);
			runOnlyForDeploymentPostprocessing = 0;
		};
/* End PBXSourcesBuildPhase section */

/* Begin PBXTargetDependency section */
		161FCBB81BB8757F001B7F45 /* PBXTargetDependency */ = {
			isa = PBXTargetDependency;
			target = 161FCBA11BB8757F001B7F45 /* BeaconFinderiPhone */;
			targetProxy = 161FCBB71BB8757F001B7F45 /* PBXContainerItemProxy */;
		};
		161FCBC31BB8757F001B7F45 /* PBXTargetDependency */ = {
			isa = PBXTargetDependency;
			target = 161FCBA11BB8757F001B7F45 /* BeaconFinderiPhone */;
			targetProxy = 161FCBC21BB8757F001B7F45 /* PBXContainerItemProxy */;
		};
/* End PBXTargetDependency section */

/* Begin PBXVariantGroup section */
		161FCBA91BB8757F001B7F45 /* Main.storyboard */ = {
			isa = PBXVariantGroup;
			children = (
				161FCBAA1BB8757F001B7F45 /* Base */,
			);
			name = Main.storyboard;
			sourceTree = "<group>";
		};
		161FCBAE1BB8757F001B7F45 /* LaunchScreen.storyboard */ = {
			isa = PBXVariantGroup;
			children = (
				161FCBAF1BB8757F001B7F45 /* Base */,
			);
			name = LaunchScreen.storyboard;
			sourceTree = "<group>";
		};
/* End PBXVariantGroup section */

/* Begin XCBuildConfiguration section */
		161FCBC81BB8757F001B7F45 /* Debug */ = {
			isa = XCBuildConfiguration;
			buildSettings = {
				ALWAYS_SEARCH_USER_PATHS = NO;
				CLANG_CXX_LANGUAGE_STANDARD = "gnu++0x";
				CLANG_CXX_LIBRARY = "libc++";
				CLANG_ENABLE_MODULES = YES;
				CLANG_ENABLE_OBJC_ARC = YES;
				CLANG_WARN_BOOL_CONVERSION = YES;
				CLANG_WARN_CONSTANT_CONVERSION = YES;
				CLANG_WARN_DIRECT_OBJC_ISA_USAGE = YES_ERROR;
				CLANG_WARN_EMPTY_BODY = YES;
				CLANG_WARN_ENUM_CONVERSION = YES;
				CLANG_WARN_INT_CONVERSION = YES;
				CLANG_WARN_OBJC_ROOT_CLASS = YES_ERROR;
				CLANG_WARN_UNREACHABLE_CODE = YES;
				CLANG_WARN__DUPLICATE_METHOD_MATCH = YES;
				"CODE_SIGN_IDENTITY[sdk=iphoneos*]" = "iPhone Developer";
				COPY_PHASE_STRIP = NO;
				DEBUG_INFORMATION_FORMAT = dwarf;
				ENABLE_STRICT_OBJC_MSGSEND = YES;
				ENABLE_TESTABILITY = YES;
				GCC_C_LANGUAGE_STANDARD = gnu99;
				GCC_DYNAMIC_NO_PIC = NO;
				GCC_NO_COMMON_BLOCKS = YES;
				GCC_OPTIMIZATION_LEVEL = 0;
				GCC_PREPROCESSOR_DEFINITIONS = (
					"DEBUG=1",
					"$(inherited)",
				);
				GCC_WARN_64_TO_32_BIT_CONVERSION = YES;
				GCC_WARN_ABOUT_RETURN_TYPE = YES_ERROR;
				GCC_WARN_UNDECLARED_SELECTOR = YES;
				GCC_WARN_UNINITIALIZED_AUTOS = YES_AGGRESSIVE;
				GCC_WARN_UNUSED_FUNCTION = YES;
				GCC_WARN_UNUSED_VARIABLE = YES;
				IPHONEOS_DEPLOYMENT_TARGET = 9.0;
				MTL_ENABLE_DEBUG_INFO = YES;
				ONLY_ACTIVE_ARCH = YES;
				SDKROOT = iphoneos;
				SWIFT_OPTIMIZATION_LEVEL = "-Onone";
				TARGETED_DEVICE_FAMILY = "1,2";
			};
			name = Debug;
		};
		161FCBC91BB8757F001B7F45 /* Release */ = {
			isa = XCBuildConfiguration;
			buildSettings = {
				ALWAYS_SEARCH_USER_PATHS = NO;
				CLANG_CXX_LANGUAGE_STANDARD = "gnu++0x";
				CLANG_CXX_LIBRARY = "libc++";
				CLANG_ENABLE_MODULES = YES;
				CLANG_ENABLE_OBJC_ARC = YES;
				CLANG_WARN_BOOL_CONVERSION = YES;
				CLANG_WARN_CONSTANT_CONVERSION = YES;
				CLANG_WARN_DIRECT_OBJC_ISA_USAGE = YES_ERROR;
				CLANG_WARN_EMPTY_BODY = YES;
				CLANG_WARN_ENUM_CONVERSION = YES;
				CLANG_WARN_INT_CONVERSION = YES;
				CLANG_WARN_OBJC_ROOT_CLASS = YES_ERROR;
				CLANG_WARN_UNREACHABLE_CODE = YES;
				CLANG_WARN__DUPLICATE_METHOD_MATCH = YES;
				"CODE_SIGN_IDENTITY[sdk=iphoneos*]" = "iPhone Developer";
				COPY_PHASE_STRIP = NO;
				DEBUG_INFORMATION_FORMAT = "dwarf-with-dsym";
				ENABLE_NS_ASSERTIONS = NO;
				ENABLE_STRICT_OBJC_MSGSEND = YES;
				GCC_C_LANGUAGE_STANDARD = gnu99;
				GCC_NO_COMMON_BLOCKS = YES;
				GCC_WARN_64_TO_32_BIT_CONVERSION = YES;
				GCC_WARN_ABOUT_RETURN_TYPE = YES_ERROR;
				GCC_WARN_UNDECLARED_SELECTOR = YES;
				GCC_WARN_UNINITIALIZED_AUTOS = YES_AGGRESSIVE;
				GCC_WARN_UNUSED_FUNCTION = YES;
				GCC_WARN_UNUSED_VARIABLE = YES;
				IPHONEOS_DEPLOYMENT_TARGET = 9.0;
				MTL_ENABLE_DEBUG_INFO = NO;
				SDKROOT = iphoneos;
				TARGETED_DEVICE_FAMILY = "1,2";
				VALIDATE_PRODUCT = YES;
			};
			name = Release;
		};
		161FCBCB1BB8757F001B7F45 /* Debug */ = {
			isa = XCBuildConfiguration;
			baseConfigurationReference = 2C3765682ABD29EBA09A00A0 /* Pods.debug.xcconfig */;
			buildSettings = {
				ASSETCATALOG_COMPILER_APPICON_NAME = AppIcon;
				ASSETCATALOG_COMPILER_LAUNCHIMAGE_NAME = BrandAsset;
				CLANG_ENABLE_MODULES = YES;
				CODE_SIGN_IDENTITY = "iPhone Developer";
				"CODE_SIGN_IDENTITY[sdk=iphoneos*]" = "iPhone Developer";
				INFOPLIST_FILE = BeaconFinderiPhone/Info.plist;
				IPHONEOS_DEPLOYMENT_TARGET = 8.0;
				LD_RUNPATH_SEARCH_PATHS = "$(inherited) @executable_path/Frameworks";
				LIBRARY_SEARCH_PATHS = (
					"$(inherited)",
					"$(PROJECT_DIR)/Cloudinary",
				);
				ONLY_ACTIVE_ARCH = YES;
				OTHER_LDFLAGS = (
					"$(inherited)",
					"-ObjC",
					"-l\"Cloudinary\"",
					"-framework",
					"\"Foundation\"",
				);
				PRODUCT_BUNDLE_IDENTIFIER = mei.BeaconFinderiPhone;
				PRODUCT_NAME = "$(TARGET_NAME)";
				PROVISIONING_PROFILE = "";
				SWIFT_OBJC_BRIDGING_HEADER = Header.h;
				SWIFT_OBJC_INTERFACE_HEADER_NAME = "";
				SWIFT_OPTIMIZATION_LEVEL = "-Onone";
				TARGETED_DEVICE_FAMILY = 2;
				VALID_ARCHS = "arm64 armv7";
			};
			name = Debug;
		};
		161FCBCC1BB8757F001B7F45 /* Release */ = {
			isa = XCBuildConfiguration;
			baseConfigurationReference = 731931697C83E690510DFA75 /* Pods.release.xcconfig */;
			buildSettings = {
				ASSETCATALOG_COMPILER_APPICON_NAME = AppIcon;
				ASSETCATALOG_COMPILER_LAUNCHIMAGE_NAME = BrandAsset;
				CLANG_ENABLE_MODULES = YES;
				CODE_SIGN_IDENTITY = "iPhone Developer";
				"CODE_SIGN_IDENTITY[sdk=iphoneos*]" = "iPhone Developer";
				INFOPLIST_FILE = BeaconFinderiPhone/Info.plist;
				IPHONEOS_DEPLOYMENT_TARGET = 8.0;
				LD_RUNPATH_SEARCH_PATHS = "$(inherited) @executable_path/Frameworks";
				LIBRARY_SEARCH_PATHS = (
					"$(inherited)",
					"$(PROJECT_DIR)/Cloudinary",
				);
				ONLY_ACTIVE_ARCH = YES;
				OTHER_LDFLAGS = (
					"$(inherited)",
					"-ObjC",
					"-l\"Cloudinary\"",
					"-framework",
					"\"Foundation\"",
				);
				PRODUCT_BUNDLE_IDENTIFIER = mei.BeaconFinderiPhone;
				PRODUCT_NAME = "$(TARGET_NAME)";
				PROVISIONING_PROFILE = "";
				SWIFT_OBJC_BRIDGING_HEADER = Header.h;
				SWIFT_OBJC_INTERFACE_HEADER_NAME = "";
				TARGETED_DEVICE_FAMILY = 2;
				VALID_ARCHS = "arm64 armv7";
			};
			name = Release;
		};
		161FCBCE1BB8757F001B7F45 /* Debug */ = {
			isa = XCBuildConfiguration;
			buildSettings = {
				BUNDLE_LOADER = "$(TEST_HOST)";
				INFOPLIST_FILE = BeaconFinderiPhoneTests/Info.plist;
				LD_RUNPATH_SEARCH_PATHS = "$(inherited) @executable_path/Frameworks @loader_path/Frameworks";
				PRODUCT_BUNDLE_IDENTIFIER = meis.BeaconFinderiPhoneTests;
				PRODUCT_NAME = "$(TARGET_NAME)";
				TEST_HOST = "$(BUILT_PRODUCTS_DIR)/BeaconFinderiPhone.app/BeaconFinderiPhone";
			};
			name = Debug;
		};
		161FCBCF1BB8757F001B7F45 /* Release */ = {
			isa = XCBuildConfiguration;
			buildSettings = {
				BUNDLE_LOADER = "$(TEST_HOST)";
				INFOPLIST_FILE = BeaconFinderiPhoneTests/Info.plist;
				LD_RUNPATH_SEARCH_PATHS = "$(inherited) @executable_path/Frameworks @loader_path/Frameworks";
				PRODUCT_BUNDLE_IDENTIFIER = meis.BeaconFinderiPhoneTests;
				PRODUCT_NAME = "$(TARGET_NAME)";
				TEST_HOST = "$(BUILT_PRODUCTS_DIR)/BeaconFinderiPhone.app/BeaconFinderiPhone";
			};
			name = Release;
		};
		161FCBD11BB8757F001B7F45 /* Debug */ = {
			isa = XCBuildConfiguration;
			buildSettings = {
				INFOPLIST_FILE = BeaconFinderiPhoneUITests/Info.plist;
				LD_RUNPATH_SEARCH_PATHS = "$(inherited) @executable_path/Frameworks @loader_path/Frameworks";
				PRODUCT_BUNDLE_IDENTIFIER = meis.BeaconFinderiPhoneUITests;
				PRODUCT_NAME = "$(TARGET_NAME)";
				TEST_TARGET_NAME = BeaconFinderiPhone;
				USES_XCTRUNNER = YES;
			};
			name = Debug;
		};
		161FCBD21BB8757F001B7F45 /* Release */ = {
			isa = XCBuildConfiguration;
			buildSettings = {
				INFOPLIST_FILE = BeaconFinderiPhoneUITests/Info.plist;
				LD_RUNPATH_SEARCH_PATHS = "$(inherited) @executable_path/Frameworks @loader_path/Frameworks";
				PRODUCT_BUNDLE_IDENTIFIER = meis.BeaconFinderiPhoneUITests;
				PRODUCT_NAME = "$(TARGET_NAME)";
				TEST_TARGET_NAME = BeaconFinderiPhone;
				USES_XCTRUNNER = YES;
			};
			name = Release;
		};
/* End XCBuildConfiguration section */

/* Begin XCConfigurationList section */
		161FCB9D1BB8757F001B7F45 /* Build configuration list for PBXProject "BeaconFinderiPhone" */ = {
			isa = XCConfigurationList;
			buildConfigurations = (
				161FCBC81BB8757F001B7F45 /* Debug */,
				161FCBC91BB8757F001B7F45 /* Release */,
			);
			defaultConfigurationIsVisible = 0;
			defaultConfigurationName = Release;
		};
		161FCBCA1BB8757F001B7F45 /* Build configuration list for PBXNativeTarget "BeaconFinderiPhone" */ = {
			isa = XCConfigurationList;
			buildConfigurations = (
				161FCBCB1BB8757F001B7F45 /* Debug */,
				161FCBCC1BB8757F001B7F45 /* Release */,
			);
			defaultConfigurationIsVisible = 0;
			defaultConfigurationName = Release;
		};
		161FCBCD1BB8757F001B7F45 /* Build configuration list for PBXNativeTarget "BeaconFinderiPhoneTests" */ = {
			isa = XCConfigurationList;
			buildConfigurations = (
				161FCBCE1BB8757F001B7F45 /* Debug */,
				161FCBCF1BB8757F001B7F45 /* Release */,
			);
			defaultConfigurationIsVisible = 0;
			defaultConfigurationName = Release;
		};
		161FCBD01BB8757F001B7F45 /* Build configuration list for PBXNativeTarget "BeaconFinderiPhoneUITests" */ = {
			isa = XCConfigurationList;
			buildConfigurations = (
				161FCBD11BB8757F001B7F45 /* Debug */,
				161FCBD21BB8757F001B7F45 /* Release */,
			);
			defaultConfigurationIsVisible = 0;
			defaultConfigurationName = Release;
		};
/* End XCConfigurationList section */
	};
	rootObject = 161FCB9A1BB8757F001B7F45 /* Project object */;
}
